
Microsoft Visual Studio Solution File, Format Version 12.00
# Visual Studio Version 16
VisualStudioVersion = 16.0.32002.261
MinimumVisualStudioVersion = 10.0.40219.1
Project("{FAE04EC0-301F-11D3-BF4B-00C04F79EFBC}") = "WebAppWithDocker", "WebAppWithDocker\WebAppWithDocker.csproj", "{6E08EC8F-79B0-424D-88A0-B5E706C02696}"
EndProject
Global
	GlobalSection(SolutionConfigurationPlatforms) = preSolution
		Debug|Any CPU = Debug|Any CPU
		Release|Any CPU = Release|Any CPU
	EndGlobalSection
	GlobalSection(ProjectConfigurationPlatforms) = postSolution
		{6E08EC8F-79B0-424D-88A0-B5E706C02696}.Debug|Any CPU.ActiveCfg = Debug|Any CPU
		{6E08EC8F-79B0-424D-88A0-B5E706C02696}.Debug|Any CPU.Build.0 = Debug|Any CPU
		{6E08EC8F-79B0-424D-88A0-B5E706C02696}.Release|Any CPU.ActiveCfg = Release|Any CPU
		{6E08EC8F-79B0-424D-88A0-B5E706C02696}.Release|Any CPU.Build.0 = Release|Any CPU
	EndGlobalSection
	GlobalSection(SolutionProperties) = preSolution
		HideSolutionNode = FALSE
	EndGlobalSection
	GlobalSection(ExtensibilityGlobals) = postSolution
		SolutionGuid = {E8E5C964-0854-44E4-BF69-A0126BD31174}
	EndGlobalSection
EndGlobal
